
Microsoft Visual Studio Solution File, Format Version 12.00
# Visual Studio 15
VisualStudioVersion = 15.0.26730.16
MinimumVisualStudioVersion = 10.0.40219.1
Project("{FAE04EC0-301F-11D3-BF4B-00C04F79EFBC}") = "ExConcurso", "ExConcurso\ExConcurso.csproj", "{1B473FDD-9517-409E-BC7D-AE3413DF8DBD}"
EndProject
Project("{FAE04EC0-301F-11D3-BF4B-00C04F79EFBC}") = "ControlModel", "ControlModel\ControlModel.csproj", "{7BB0D5A4-8931-4706-A7E0-A2C6CFB81915}"
EndProject
Project("{FAE04EC0-301F-11D3-BF4B-00C04F79EFBC}") = "ConcursoView", "ConcursoView\ConcursoView.csproj", "{870DE746-2780-4DC8-B7CF-919B2B72AFE2}"
EndProject
Global
	GlobalSection(SolutionConfigurationPlatforms) = preSolution
		Debug|Any CPU = Debug|Any CPU
		Release|Any CPU = Release|Any CPU
	EndGlobalSection
	GlobalSection(ProjectConfigurationPlatforms) = postSolution
		{1B473FDD-9517-409E-BC7D-AE3413DF8DBD}.Debug|Any CPU.ActiveCfg = Debug|Any CPU
		{1B473FDD-9517-409E-BC7D-AE3413DF8DBD}.Debug|Any CPU.Build.0 = Debug|Any CPU
		{1B473FDD-9517-409E-BC7D-AE3413DF8DBD}.Release|Any CPU.ActiveCfg = Release|Any CPU
		{1B473FDD-9517-409E-BC7D-AE3413DF8DBD}.Release|Any CPU.Build.0 = Release|Any CPU
		{7BB0D5A4-8931-4706-A7E0-A2C6CFB81915}.Debug|Any CPU.ActiveCfg = Debug|Any CPU
		{7BB0D5A4-8931-4706-A7E0-A2C6CFB81915}.Debug|Any CPU.Build.0 = Debug|Any CPU
		{7BB0D5A4-8931-4706-A7E0-A2C6CFB81915}.Release|Any CPU.ActiveCfg = Release|Any CPU
		{7BB0D5A4-8931-4706-A7E0-A2C6CFB81915}.Release|Any CPU.Build.0 = Release|Any CPU
		{870DE746-2780-4DC8-B7CF-919B2B72AFE2}.Debug|Any CPU.ActiveCfg = Debug|Any CPU
		{870DE746-2780-4DC8-B7CF-919B2B72AFE2}.Debug|Any CPU.Build.0 = Debug|Any CPU
		{870DE746-2780-4DC8-B7CF-919B2B72AFE2}.Release|Any CPU.ActiveCfg = Release|Any CPU
		{870DE746-2780-4DC8-B7CF-919B2B72AFE2}.Release|Any CPU.Build.0 = Release|Any CPU
	EndGlobalSection
	GlobalSection(SolutionProperties) = preSolution
		HideSolutionNode = FALSE
	EndGlobalSection
	GlobalSection(ExtensibilityGlobals) = postSolution
		SolutionGuid = {09E728DE-15E2-47A6-AE0F-FE8E8881862B}
	EndGlobalSection
EndGlobal
